
Microsoft Visual Studio Solution File, Format Version 12.00
# Visual Studio Version 16
VisualStudioVersion = 16.0.31410.357
MinimumVisualStudioVersion = 10.0.40219.1
Project("{FAE04EC0-301F-11D3-BF4B-00C04F79EFBC}") = "Creating_Writing_DGV_TO_EXCEL", "Creating_Writing_DGV_TO_EXCEL\Creating_Writing_DGV_TO_EXCEL.csproj", "{BCBED5DB-42B2-4414-B307-D6C7EA73CD99}"
EndProject
Global
	GlobalSection(SolutionConfigurationPlatforms) = preSolution
		Debug|Any CPU = Debug|Any CPU
		Release|Any CPU = Release|Any CPU
	EndGlobalSection
	GlobalSection(ProjectConfigurationPlatforms) = postSolution
		{BCBED5DB-42B2-4414-B307-D6C7EA73CD99}.Debug|Any CPU.ActiveCfg = Debug|Any CPU
		{BCBED5DB-42B2-4414-B307-D6C7EA73CD99}.Debug|Any CPU.Build.0 = Debug|Any CPU
		{BCBED5DB-42B2-4414-B307-D6C7EA73CD99}.Release|Any CPU.ActiveCfg = Release|Any CPU
		{BCBED5DB-42B2-4414-B307-D6C7EA73CD99}.Release|Any CPU.Build.0 = Release|Any CPU
	EndGlobalSection
	GlobalSection(SolutionProperties) = preSolution
		HideSolutionNode = FALSE
	EndGlobalSection
	GlobalSection(ExtensibilityGlobals) = postSolution
		SolutionGuid = {8E7E6460-2ADA-406A-B49A-563C469CF4D4}
	EndGlobalSection
EndGlobal
